
Microsoft Visual Studio Solution File, Format Version 12.00
# Visual Studio 15
VisualStudioVersion = 15.0.28307.1000
MinimumVisualStudioVersion = 10.0.40219.1
Project("{FAE04EC0-301F-11D3-BF4B-00C04F79EFBC}") = "proyectofinalp3", "proyectofinalp3\proyectofinalp3.csproj", "{AB742615-4B86-4C46-9FFA-EBCB5654CB51}"
EndProject
Project("{FAE04EC0-301F-11D3-BF4B-00C04F79EFBC}") = "CapaEntidades", "CapaEntidades\CapaEntidades.csproj", "{9EB54116-98CA-40D2-9F8A-19D9700F8E56}"
EndProject
Project("{FAE04EC0-301F-11D3-BF4B-00C04F79EFBC}") = "CapaDeNegocio", "CapaDeNegocio\CapaDeNegocio.csproj", "{B5209134-B78B-4691-B5E8-481D77EE6503}"
EndProject
Project("{FAE04EC0-301F-11D3-BF4B-00C04F79EFBC}") = "CapaAccesoaDatos", "apaAccesoaDatos\CapaAccesoaDatos.csproj", "{661BA7AE-9E56-43B9-89E8-F44BA36FCE70}"
EndProject
Global
	GlobalSection(SolutionConfigurationPlatforms) = preSolution
		Debug|Any CPU = Debug|Any CPU
		Release|Any CPU = Release|Any CPU
	EndGlobalSection
	GlobalSection(ProjectConfigurationPlatforms) = postSolution
		{AB742615-4B86-4C46-9FFA-EBCB5654CB51}.Debug|Any CPU.ActiveCfg = Debug|Any CPU
		{AB742615-4B86-4C46-9FFA-EBCB5654CB51}.Debug|Any CPU.Build.0 = Debug|Any CPU
		{AB742615-4B86-4C46-9FFA-EBCB5654CB51}.Release|Any CPU.ActiveCfg = Release|Any CPU
		{AB742615-4B86-4C46-9FFA-EBCB5654CB51}.Release|Any CPU.Build.0 = Release|Any CPU
		{9EB54116-98CA-40D2-9F8A-19D9700F8E56}.Debug|Any CPU.ActiveCfg = Debug|Any CPU
		{9EB54116-98CA-40D2-9F8A-19D9700F8E56}.Debug|Any CPU.Build.0 = Debug|Any CPU
		{9EB54116-98CA-40D2-9F8A-19D9700F8E56}.Release|Any CPU.ActiveCfg = Release|Any CPU
		{9EB54116-98CA-40D2-9F8A-19D9700F8E56}.Release|Any CPU.Build.0 = Release|Any CPU
		{B5209134-B78B-4691-B5E8-481D77EE6503}.Debug|Any CPU.ActiveCfg = Debug|Any CPU
		{B5209134-B78B-4691-B5E8-481D77EE6503}.Debug|Any CPU.Build.0 = Debug|Any CPU
		{B5209134-B78B-4691-B5E8-481D77EE6503}.Release|Any CPU.ActiveCfg = Release|Any CPU
		{B5209134-B78B-4691-B5E8-481D77EE6503}.Release|Any CPU.Build.0 = Release|Any CPU
		{661BA7AE-9E56-43B9-89E8-F44BA36FCE70}.Debug|Any CPU.ActiveCfg = Debug|Any CPU
		{661BA7AE-9E56-43B9-89E8-F44BA36FCE70}.Debug|Any CPU.Build.0 = Debug|Any CPU
		{661BA7AE-9E56-43B9-89E8-F44BA36FCE70}.Release|Any CPU.ActiveCfg = Release|Any CPU
		{661BA7AE-9E56-43B9-89E8-F44BA36FCE70}.Release|Any CPU.Build.0 = Release|Any CPU
	EndGlobalSection
	GlobalSection(SolutionProperties) = preSolution
		HideSolutionNode = FALSE
	EndGlobalSection
	GlobalSection(ExtensibilityGlobals) = postSolution
		SolutionGuid = {6BD82E5A-41CC-4425-9B59-FAC6256024EF}
	EndGlobalSection
EndGlobal
